// !$*UTF8*$!
{
	archiveVersion = 1;
	classes = {
	};
	objectVersion = 46;
	objects = {

/* Begin PBXBuildFile section */
		64D8E6741ED7C66700344BF9 /* AppDelegate.swift in Sources */ = {isa = PBXBuildFile; fileRef = 64D8E6731ED7C66700344BF9 /* AppDelegate.swift */; };
		64D8E6761ED7C66700344BF9 /* ViewController.swift in Sources */ = {isa = PBXBuildFile; fileRef = 64D8E6751ED7C66700344BF9 /* ViewController.swift */; };
		64D8E6791ED7C66700344BF9 /* Main.storyboard in Resources */ = {isa = PBXBuildFile; fileRef = 64D8E6771ED7C66700344BF9 /* Main.storyboard */; };
		64D8E67B1ED7C66700344BF9 /* Assets.xcassets in Resources */ = {isa = PBXBuildFile; fileRef = 64D8E67A1ED7C66700344BF9 /* Assets.xcassets */; };
		64D8E67E1ED7C66700344BF9 /* LaunchScreen.storyboard in Resources */ = {isa = PBXBuildFile; fileRef = 64D8E67C1ED7C66700344BF9 /* LaunchScreen.storyboard */; };
		64D8E6881ED7C8F700344BF9 /* Fabric.framework in Frameworks */ = {isa = PBXBuildFile; fileRef = 64D8E6861ED7C8F700344BF9 /* Fabric.framework */; };
		64D8E6891ED7C8F700344BF9 /* Crashlytics.framework in Frameworks */ = {isa = PBXBuildFile; fileRef = 64D8E6871ED7C8F700344BF9 /* Crashlytics.framework */; };
/* End PBXBuildFile section */

/* Begin PBXFileReference section */
		64D8E6701ED7C66700344BF9 /* fastlaneDemo.app */ = {isa = PBXFileReference; explicitFileType = wrapper.application; includeInIndex = 0; path = fastlaneDemo.app; sourceTree = BUILT_PRODUCTS_DIR; };
		64D8E6731ED7C66700344BF9 /* AppDelegate.swift */ = {isa = PBXFileReference; lastKnownFileType = sourcecode.swift; path = AppDelegate.swift; sourceTree = "<group>"; };
		64D8E6751ED7C66700344BF9 /* ViewController.swift */ = {isa = PBXFileReference; lastKnownFileType = sourcecode.swift; path = ViewController.swift; sourceTree = "<group>"; };
		64D8E6781ED7C66700344BF9 /* Base */ = {isa = PBXFileReference; lastKnownFileType = file.storyboard; name = Base; path = Base.lproj/Main.storyboard; sourceTree = "<group>"; };
		64D8E67A1ED7C66700344BF9 /* Assets.xcassets */ = {isa = PBXFileReference; lastKnownFileType = folder.assetcatalog; path = Assets.xcassets; sourceTree = "<group>"; };
		64D8E67D1ED7C66700344BF9 /* Base */ = {isa = PBXFileReference; lastKnownFileType = file.storyboard; name = Base; path = Base.lproj/LaunchScreen.storyboard; sourceTree = "<group>"; };
		64D8E67F1ED7C66700344BF9 /* Info.plist */ = {isa = PBXFileReference; lastKnownFileType = text.plist.xml; path = Info.plist; sourceTree = "<group>"; };
		64D8E6861ED7C8F700344BF9 /* Fabric.framework */ = {isa = PBXFileReference; lastKnownFileType = wrapper.framework; path = Fabric.framework; sourceTree = "<group>"; };
		64D8E6871ED7C8F700344BF9 /* Crashlytics.framework */ = {isa = PBXFileReference; lastKnownFileType = wrapper.framework; path = Crashlytics.framework; sourceTree = "<group>"; };
/* End PBXFileReference section */

/* Begin PBXFrameworksBuildPhase section */
		64D8E66D1ED7C66700344BF9 /* Frameworks */ = {
			isa = PBXFrameworksBuildPhase;
			buildActionMask = 2147483647;
			files = (
				64D8E6891ED7C8F700344BF9 /* Crashlytics.framework in Frameworks */,
				64D8E6881ED7C8F700344BF9 /* Fabric.framework in Frameworks */,
			);
			runOnlyForDeploymentPostprocessing = 0;
		};
/* End PBXFrameworksBuildPhase section */

/* Begin PBXGroup section */
		64D8E6671ED7C66700344BF9 = {
			isa = PBXGroup;
			children = (
				64D8E6721ED7C66700344BF9 /* fastlaneDemo */,
				64D8E6711ED7C66700344BF9 /* Products */,
			);
			sourceTree = "<group>";
		};
		64D8E6711ED7C66700344BF9 /* Products */ = {
			isa = PBXGroup;
			children = (
				64D8E6701ED7C66700344BF9 /* fastlaneDemo.app */,
			);
			name = Products;
			sourceTree = "<group>";
		};
		64D8E6721ED7C66700344BF9 /* fastlaneDemo */ = {
			isa = PBXGroup;
			children = (
				64D8E6731ED7C66700344BF9 /* AppDelegate.swift */,
				64D8E6751ED7C66700344BF9 /* ViewController.swift */,
				64D8E6771ED7C66700344BF9 /* Main.storyboard */,
				64D8E67A1ED7C66700344BF9 /* Assets.xcassets */,
				64D8E67C1ED7C66700344BF9 /* LaunchScreen.storyboard */,
				64D8E67F1ED7C66700344BF9 /* Info.plist */,
				64D8E6861ED7C8F700344BF9 /* Fabric.framework */,
				64D8E6871ED7C8F700344BF9 /* Crashlytics.framework */,
			);
			path = fastlaneDemo;
			sourceTree = "<group>";
		};
/* End PBXGroup section */

/* Begin PBXNativeTarget section */
		64D8E66F1ED7C66700344BF9 /* fastlaneDemo */ = {
			isa = PBXNativeTarget;
			buildConfigurationList = 64D8E6821ED7C66700344BF9 /* Build configuration list for PBXNativeTarget "fastlaneDemo" */;
			buildPhases = (
				64D8E66C1ED7C66700344BF9 /* Sources */,
				64D8E66D1ED7C66700344BF9 /* Frameworks */,
				64D8E66E1ED7C66700344BF9 /* Resources */,
				64D8E6851ED7C8D300344BF9 /* Run Script */,
			);
			buildRules = (
			);
			dependencies = (
			);
			name = fastlaneDemo;
			productName = fastlaneDemo;
			productReference = 64D8E6701ED7C66700344BF9 /* fastlaneDemo.app */;
			productType = "com.apple.product-type.application";
		};
/* End PBXNativeTarget section */

/* Begin PBXProject section */
		64D8E6681ED7C66700344BF9 /* Project object */ = {
			isa = PBXProject;
			attributes = {
				LastSwiftUpdateCheck = 0820;
				LastUpgradeCheck = 0820;
				ORGANIZATIONNAME = Marcus;
				TargetAttributes = {
					64D8E66F1ED7C66700344BF9 = {
						CreatedOnToolsVersion = 8.2;
						DevelopmentTeam = W5L6Y9RPYG;
						ProvisioningStyle = Automatic;
					};
				};
			};
			buildConfigurationList = 64D8E66B1ED7C66700344BF9 /* Build configuration list for PBXProject "fastlaneDemo" */;
			compatibilityVersion = "Xcode 3.2";
			developmentRegion = English;
			hasScannedForEncodings = 0;
			knownRegions = (
				en,
				Base,
			);
			mainGroup = 64D8E6671ED7C66700344BF9;
			productRefGroup = 64D8E6711ED7C66700344BF9 /* Products */;
			projectDirPath = "";
			projectRoot = "";
			targets = (
				64D8E66F1ED7C66700344BF9 /* fastlaneDemo */,
			);
		};
/* End PBXProject section */

/* Begin PBXResourcesBuildPhase section */
		64D8E66E1ED7C66700344BF9 /* Resources */ = {
			isa = PBXResourcesBuildPhase;
			buildActionMask = 2147483647;
			files = (
				64D8E67E1ED7C66700344BF9 /* LaunchScreen.storyboard in Resources */,
				64D8E67B1ED7C66700344BF9 /* Assets.xcassets in Resources */,
				64D8E6791ED7C66700344BF9 /* Main.storyboard in Resources */,
			);
			runOnlyForDeploymentPostprocessing = 0;
		};
/* End PBXResourcesBuildPhase section */

/* Begin PBXShellScriptBuildPhase section */
		64D8E6851ED7C8D300344BF9 /* Run Script */ = {
			isa = PBXShellScriptBuildPhase;
			buildActionMask = 2147483647;
			files = (
			);
			inputPaths = (
			);
			name = "Run Script";
			outputPaths = (
			);
			runOnlyForDeploymentPostprocessing = 0;
			shellPath = /bin/sh;
			shellScript = "./Fabric.framework/run 02bec6e3ce7fd19555c827fc6c18f9170d08d9c9 674b76d0c5f976f996a3e710e0226984357a6c179114503cfc5b0512b2329360";
		};
/* End PBXShellScriptBuildPhase section */

/* Begin PBXSourcesBuildPhase section */
		64D8E66C1ED7C66700344BF9 /* Sources */ = {
			isa = PBXSourcesBuildPhase;
			buildActionMask = 2147483647;
			files = (
				64D8E6761ED7C66700344BF9 /* ViewController.swift in Sources */,
				64D8E6741ED7C66700344BF9 /* AppDelegate.swift in Sources */,
			);
			runOnlyForDeploymentPostprocessing = 0;
		};
/* End PBXSourcesBuildPhase section */

/* Begin PBXVariantGroup section */
		64D8E6771ED7C66700344BF9 /* Main.storyboard */ = {
			isa = PBXVariantGroup;
			children = (
				64D8E6781ED7C66700344BF9 /* Base */,
			);
			name = Main.storyboard;
			sourceTree = "<group>";
		};
		64D8E67C1ED7C66700344BF9 /* LaunchScreen.storyboard */ = {
			isa = PBXVariantGroup;
			children = (
				64D8E67D1ED7C66700344BF9 /* Base */,
			);
			name = LaunchScreen.storyboard;
			sourceTree = "<group>";
		};
/* End PBXVariantGroup section */

/* Begin XCBuildConfiguration section */
		64D8E6801ED7C66700344BF9 /* Debug */ = {
			isa = XCBuildConfiguration;
			buildSettings = {
				ALWAYS_SEARCH_USER_PATHS = NO;
				CLANG_ANALYZER_NONNULL = YES;
				CLANG_CXX_LANGUAGE_STANDARD = "gnu++0x";
				CLANG_CXX_LIBRARY = "libc++";
				CLANG_ENABLE_MODULES = YES;
				CLANG_ENABLE_OBJC_ARC = YES;
				CLANG_WARN_BOOL_CONVERSION = YES;
				CLANG_WARN_CONSTANT_CONVERSION = YES;
				CLANG_WARN_DIRECT_OBJC_ISA_USAGE = YES_ERROR;
				CLANG_WARN_DOCUMENTATION_COMMENTS = YES;
				CLANG_WARN_EMPTY_BODY = YES;
				CLANG_WARN_ENUM_CONVERSION = YES;
				CLANG_WARN_INFINITE_RECURSION = YES;
				CLANG_WARN_INT_CONVERSION = YES;
				CLANG_WARN_OBJC_ROOT_CLASS = YES_ERROR;
				CLANG_WARN_SUSPICIOUS_MOVE = YES;
				CLANG_WARN_UNREACHABLE_CODE = YES;
				CLANG_WARN__DUPLICATE_METHOD_MATCH = YES;
				"CODE_SIGN_IDENTITY[sdk=iphoneos*]" = "iPhone Developer";
				COPY_PHASE_STRIP = NO;
				DEBUG_INFORMATION_FORMAT = dwarf;
				ENABLE_STRICT_OBJC_MSGSEND = YES;
				ENABLE_TESTABILITY = YES;
				GCC_C_LANGUAGE_STANDARD = gnu99;
				GCC_DYNAMIC_NO_PIC = NO;
				GCC_NO_COMMON_BLOCKS = YES;
				GCC_OPTIMIZATION_LEVEL = 0;
				GCC_PREPROCESSOR_DEFINITIONS = (
					"DEBUG=1",
					"$(inherited)",
				);
				GCC_WARN_64_TO_32_BIT_CONVERSION = YES;
				GCC_WARN_ABOUT_RETURN_TYPE = YES_ERROR;
				GCC_WARN_UNDECLARED_SELECTOR = YES;
				GCC_WARN_UNINITIALIZED_AUTOS = YES_AGGRESSIVE;
				GCC_WARN_UNUSED_FUNCTION = YES;
				GCC_WARN_UNUSED_VARIABLE = YES;
				IPHONEOS_DEPLOYMENT_TARGET = 10.2;
				MTL_ENABLE_DEBUG_INFO = YES;
				ONLY_ACTIVE_ARCH = YES;
				SDKROOT = iphoneos;
				SWIFT_ACTIVE_COMPILATION_CONDITIONS = DEBUG;
				SWIFT_OPTIMIZATION_LEVEL = "-Onone";
				TARGETED_DEVICE_FAMILY = "1,2";
			};
			name = Debug;
		};
		64D8E6811ED7C66700344BF9 /* Release */ = {
			isa = XCBuildConfiguration;
			buildSettings = {
				ALWAYS_SEARCH_USER_PATHS = NO;
				CLANG_ANALYZER_NONNULL = YES;
				CLANG_CXX_LANGUAGE_STANDARD = "gnu++0x";
				CLANG_CXX_LIBRARY = "libc++";
				CLANG_ENABLE_MODULES = YES;
				CLANG_ENABLE_OBJC_ARC = YES;
				CLANG_WARN_BOOL_CONVERSION = YES;
				CLANG_WARN_CONSTANT_CONVERSION = YES;
				CLANG_WARN_DIRECT_OBJC_ISA_USAGE = YES_ERROR;
				CLANG_WARN_DOCUMENTATION_COMMENTS = YES;
				CLANG_WARN_EMPTY_BODY = YES;
				CLANG_WARN_ENUM_CONVERSION = YES;
				CLANG_WARN_INFINITE_RECURSION = YES;
				CLANG_WARN_INT_CONVERSION = YES;
				CLANG_WARN_OBJC_ROOT_CLASS = YES_ERROR;
				CLANG_WARN_SUSPICIOUS_MOVE = YES;
				CLANG_WARN_UNREACHABLE_CODE = YES;
				CLANG_WARN__DUPLICATE_METHOD_MATCH = YES;
				"CODE_SIGN_IDENTITY[sdk=iphoneos*]" = "iPhone Developer";
				COPY_PHASE_STRIP = NO;
				DEBUG_INFORMATION_FORMAT = "dwarf-with-dsym";
				ENABLE_NS_ASSERTIONS = NO;
				ENABLE_STRICT_OBJC_MSGSEND = YES;
				GCC_C_LANGUAGE_STANDARD = gnu99;
				GCC_NO_COMMON_BLOCKS = YES;
				GCC_WARN_64_TO_32_BIT_CONVERSION = YES;
				GCC_WARN_ABOUT_RETURN_TYPE = YES_ERROR;
				GCC_WARN_UNDECLARED_SELECTOR = YES;
				GCC_WARN_UNINITIALIZED_AUTOS = YES_AGGRESSIVE;
				GCC_WARN_UNUSED_FUNCTION = YES;
				GCC_WARN_UNUSED_VARIABLE = YES;
				IPHONEOS_DEPLOYMENT_TARGET = 10.2;
				MTL_ENABLE_DEBUG_INFO = NO;
				SDKROOT = iphoneos;
				SWIFT_OPTIMIZATION_LEVEL = "-Owholemodule";
				TARGETED_DEVICE_FAMILY = "1,2";
				VALIDATE_PRODUCT = YES;
			};
			name = Release;
		};
		64D8E6831ED7C66700344BF9 /* Debug */ = {
			isa = XCBuildConfiguration;
			buildSettings = {
				ASSETCATALOG_COMPILER_APPICON_NAME = AppIcon;
				DEVELOPMENT_TEAM = W5L6Y9RPYG;
				FRAMEWORK_SEARCH_PATHS = (
					"$(inherited)",
					"$(PROJECT_DIR)/fastlaneDemo",
				);
				INFOPLIST_FILE = fastlaneDemo/Info.plist;
				LD_RUNPATH_SEARCH_PATHS = "$(inherited) @executable_path/Frameworks";
				PRODUCT_BUNDLE_IDENTIFIER = wang.hackice.fastlaneDemo;
				PRODUCT_NAME = "$(TARGET_NAME)";
				SWIFT_VERSION = 3.0;
			};
			name = Debug;
		};
		64D8E6841ED7C66700344BF9 /* Release */ = {
			isa = XCBuildConfiguration;
			buildSettings = {
				ASSETCATALOG_COMPILER_APPICON_NAME = AppIcon;
				DEVELOPMENT_TEAM = W5L6Y9RPYG;
				FRAMEWORK_SEARCH_PATHS = (
					"$(inherited)",
					"$(PROJECT_DIR)/fastlaneDemo",
				);
				INFOPLIST_FILE = fastlaneDemo/Info.plist;
				LD_RUNPATH_SEARCH_PATHS = "$(inherited) @executable_path/Frameworks";
				PRODUCT_BUNDLE_IDENTIFIER = wang.hackice.fastlaneDemo;
				PRODUCT_NAME = "$(TARGET_NAME)";
				SWIFT_VERSION = 3.0;
			};
			name = Release;
		};
/* End XCBuildConfiguration section */

/* Begin XCConfigurationList section */
		64D8E66B1ED7C66700344BF9 /* Build configuration list for PBXProject "fastlaneDemo" */ = {
			isa = XCConfigurationList;
			buildConfigurations = (
				64D8E6801ED7C66700344BF9 /* Debug */,
				64D8E6811ED7C66700344BF9 /* Release */,
			);
			defaultConfigurationIsVisible = 0;
			defaultConfigurationName = Release;
		};
		64D8E6821ED7C66700344BF9 /* Build configuration list for PBXNativeTarget "fastlaneDemo" */ = {
			isa = XCConfigurationList;
			buildConfigurations = (
				64D8E6831ED7C66700344BF9 /* Debug */,
				64D8E6841ED7C66700344BF9 /* Release */,
			);
			defaultConfigurationIsVisible = 0;
			defaultConfigurationName = Release;
		};
/* End XCConfigurationList section */
	};
	rootObject = 64D8E6681ED7C66700344BF9 /* Project object */;
}
